
Microsoft Visual Studio Solution File, Format Version 12.00
# Visual Studio 15
VisualStudioVersion = 15.0.28010.2026
MinimumVisualStudioVersion = 10.0.40219.1
Project("{FAE04EC0-301F-11D3-BF4B-00C04F79EFBC}") = "GuthubTest", "GuthubTest\GuthubTest.csproj", "{540C3F44-FBC5-46EC-AD33-DB449AB4D491}"
EndProject
Global
	GlobalSection(SolutionConfigurationPlatforms) = preSolution
		Debug|Any CPU = Debug|Any CPU
		Release|Any CPU = Release|Any CPU
	EndGlobalSection
	GlobalSection(ProjectConfigurationPlatforms) = postSolution
		{540C3F44-FBC5-46EC-AD33-DB449AB4D491}.Debug|Any CPU.ActiveCfg = Debug|Any CPU
		{540C3F44-FBC5-46EC-AD33-DB449AB4D491}.Debug|Any CPU.Build.0 = Debug|Any CPU
		{540C3F44-FBC5-46EC-AD33-DB449AB4D491}.Release|Any CPU.ActiveCfg = Release|Any CPU
		{540C3F44-FBC5-46EC-AD33-DB449AB4D491}.Release|Any CPU.Build.0 = Release|Any CPU
	EndGlobalSection
	GlobalSection(SolutionProperties) = preSolution
		HideSolutionNode = FALSE
	EndGlobalSection
	GlobalSection(ExtensibilityGlobals) = postSolution
		SolutionGuid = {E44DA977-C74F-4B9A-A01F-F8954EE35A54}
	EndGlobalSection
EndGlobal
